
Microsoft Visual Studio Solution File, Format Version 12.00
# Visual Studio Version 17
VisualStudioVersion = 17.10.35013.160
MinimumVisualStudioVersion = 10.0.40219.1
Project("{FAE04EC0-301F-11D3-BF4B-00C04F79EFBC}") = "LyricSprite", "LyricSprite\LyricSprite.csproj", "{CAC3919E-4B7A-4108-93C9-E75D594E38C5}"
EndProject
Project("{FAE04EC0-301F-11D3-BF4B-00C04F79EFBC}") = "LyricSpriteUI", "LyricSpriteUI\LyricSpriteUI.csproj", "{3CA03474-9EBA-4803-B6A4-162D43CC0BB7}"
EndProject
Global
	GlobalSection(SolutionConfigurationPlatforms) = preSolution
		Debug|Any CPU = Debug|Any CPU
		Release|Any CPU = Release|Any CPU
	EndGlobalSection
	GlobalSection(ProjectConfigurationPlatforms) = postSolution
		{CAC3919E-4B7A-4108-93C9-E75D594E38C5}.Debug|Any CPU.ActiveCfg = Debug|Any CPU
		{CAC3919E-4B7A-4108-93C9-E75D594E38C5}.Debug|Any CPU.Build.0 = Debug|Any CPU
		{CAC3919E-4B7A-4108-93C9-E75D594E38C5}.Release|Any CPU.ActiveCfg = Release|Any CPU
		{CAC3919E-4B7A-4108-93C9-E75D594E38C5}.Release|Any CPU.Build.0 = Release|Any CPU
		{3CA03474-9EBA-4803-B6A4-162D43CC0BB7}.Debug|Any CPU.ActiveCfg = Debug|Any CPU
		{3CA03474-9EBA-4803-B6A4-162D43CC0BB7}.Debug|Any CPU.Build.0 = Debug|Any CPU
		{3CA03474-9EBA-4803-B6A4-162D43CC0BB7}.Release|Any CPU.ActiveCfg = Release|Any CPU
		{3CA03474-9EBA-4803-B6A4-162D43CC0BB7}.Release|Any CPU.Build.0 = Release|Any CPU
	EndGlobalSection
	GlobalSection(SolutionProperties) = preSolution
		HideSolutionNode = FALSE
	EndGlobalSection
	GlobalSection(ExtensibilityGlobals) = postSolution
		SolutionGuid = {49B43166-A1FE-4DDE-A043-98F6D3021018}
	EndGlobalSection
EndGlobal
